
Microsoft Visual Studio Solution File, Format Version 12.00
# Visual Studio Version 17
VisualStudioVersion = 17.8.34302.71
MinimumVisualStudioVersion = 10.0.40219.1
Project("{2150E333-8FDC-42A3-9474-1A3956D46DE8}") = "src", "src", "{2AEDE99E-A046-4FB7-B6AF-BEC7C8A96C82}"
EndProject
Project("{2150E333-8FDC-42A3-9474-1A3956D46DE8}") = "tests", "tests", "{C74CE5D1-7DDE-4A09-8F61-F852D13223D3}"
EndProject
Project("{2150E333-8FDC-42A3-9474-1A3956D46DE8}") = "web", "web", "{7A2B9AE9-8AE4-44EA-869E-F5F6091DE813}"
EndProject
Project("{9A19103F-16F7-4668-BE54-9A1E7A4F7556}") = "presentation", "src\web\presentation\presentation.csproj", "{DD1C8E5C-D9AC-427D-AC03-E06650F8799D}"
EndProject
Project("{2150E333-8FDC-42A3-9474-1A3956D46DE8}") = "api", "api", "{5DBF2DFD-1BAD-41AE-B0E4-2FE3098732A4}"
EndProject
Project("{9A19103F-16F7-4668-BE54-9A1E7A4F7556}") = "infrastructure", "src\api\infrastructure\infrastructure.csproj", "{F5BE6F9B-0351-49A5-9A9F-86291BA2B516}"
EndProject
Project("{9A19103F-16F7-4668-BE54-9A1E7A4F7556}") = "application", "src\api\application\application.csproj", "{09D25B3F-0631-4B2C-824C-D21F5A310576}"
EndProject
Project("{9A19103F-16F7-4668-BE54-9A1E7A4F7556}") = "presentation", "src\api\presentation\presentation.csproj", "{5C778D24-37C4-4C82-BA96-011BAF6FFB40}"
EndProject
Project("{2150E333-8FDC-42A3-9474-1A3956D46DE8}") = "shared", "shared", "{66522014-2079-4525-9527-F934CD9629B0}"
EndProject
Project("{9A19103F-16F7-4668-BE54-9A1E7A4F7556}") = "shared", "src\shared\shared.csproj", "{945A302A-098B-4B58-B11E-43AE75514828}"
EndProject
Project("{2150E333-8FDC-42A3-9474-1A3956D46DE8}") = "api", "api", "{339FE7C0-9A8A-4101-836B-1FBD4E4BD411}"
EndProject
Project("{9A19103F-16F7-4668-BE54-9A1E7A4F7556}") = "infrastructureTests", "tests\api\infrastructure\infrastructureTests\infrastructureTests.csproj", "{52950902-F1D4-4A36-8CDF-9C8427B82C83}"
EndProject
Project("{FAE04EC0-301F-11D3-BF4B-00C04F79EFBC}") = "TestHelper", "tests\TestHelper\TestHelper.csproj", "{1BF0FF85-DD16-49C2-9C75-C40B9D423B1E}"
EndProject
Project("{FAE04EC0-301F-11D3-BF4B-00C04F79EFBC}") = "TestHelperTests", "tests\TestHelperTests\TestHelperTests.csproj", "{2D86BC54-3267-4EA7-A38F-5307A3BBC051}"
EndProject
Project("{FAE04EC0-301F-11D3-BF4B-00C04F79EFBC}") = "ApplicationTests", "tests\api\ApplicationTests\ApplicationTests.csproj", "{6F7F50C8-BE73-4591-8952-3E95D4F14AFA}"
EndProject
Global
	GlobalSection(SolutionConfigurationPlatforms) = preSolution
		Debug|Any CPU = Debug|Any CPU
		Release|Any CPU = Release|Any CPU
	EndGlobalSection
	GlobalSection(ProjectConfigurationPlatforms) = postSolution
		{DD1C8E5C-D9AC-427D-AC03-E06650F8799D}.Debug|Any CPU.ActiveCfg = Debug|Any CPU
		{DD1C8E5C-D9AC-427D-AC03-E06650F8799D}.Debug|Any CPU.Build.0 = Debug|Any CPU
		{DD1C8E5C-D9AC-427D-AC03-E06650F8799D}.Release|Any CPU.ActiveCfg = Release|Any CPU
		{DD1C8E5C-D9AC-427D-AC03-E06650F8799D}.Release|Any CPU.Build.0 = Release|Any CPU
		{F5BE6F9B-0351-49A5-9A9F-86291BA2B516}.Debug|Any CPU.ActiveCfg = Debug|Any CPU
		{F5BE6F9B-0351-49A5-9A9F-86291BA2B516}.Debug|Any CPU.Build.0 = Debug|Any CPU
		{F5BE6F9B-0351-49A5-9A9F-86291BA2B516}.Release|Any CPU.ActiveCfg = Release|Any CPU
		{F5BE6F9B-0351-49A5-9A9F-86291BA2B516}.Release|Any CPU.Build.0 = Release|Any CPU
		{09D25B3F-0631-4B2C-824C-D21F5A310576}.Debug|Any CPU.ActiveCfg = Debug|Any CPU
		{09D25B3F-0631-4B2C-824C-D21F5A310576}.Debug|Any CPU.Build.0 = Debug|Any CPU
		{09D25B3F-0631-4B2C-824C-D21F5A310576}.Release|Any CPU.ActiveCfg = Release|Any CPU
		{09D25B3F-0631-4B2C-824C-D21F5A310576}.Release|Any CPU.Build.0 = Release|Any CPU
		{5C778D24-37C4-4C82-BA96-011BAF6FFB40}.Debug|Any CPU.ActiveCfg = Debug|Any CPU
		{5C778D24-37C4-4C82-BA96-011BAF6FFB40}.Debug|Any CPU.Build.0 = Debug|Any CPU
		{5C778D24-37C4-4C82-BA96-011BAF6FFB40}.Release|Any CPU.ActiveCfg = Release|Any CPU
		{5C778D24-37C4-4C82-BA96-011BAF6FFB40}.Release|Any CPU.Build.0 = Release|Any CPU
		{945A302A-098B-4B58-B11E-43AE75514828}.Debug|Any CPU.ActiveCfg = Debug|Any CPU
		{945A302A-098B-4B58-B11E-43AE75514828}.Debug|Any CPU.Build.0 = Debug|Any CPU
		{945A302A-098B-4B58-B11E-43AE75514828}.Release|Any CPU.ActiveCfg = Release|Any CPU
		{945A302A-098B-4B58-B11E-43AE75514828}.Release|Any CPU.Build.0 = Release|Any CPU
		{52950902-F1D4-4A36-8CDF-9C8427B82C83}.Debug|Any CPU.ActiveCfg = Debug|Any CPU
		{52950902-F1D4-4A36-8CDF-9C8427B82C83}.Debug|Any CPU.Build.0 = Debug|Any CPU
		{52950902-F1D4-4A36-8CDF-9C8427B82C83}.Release|Any CPU.ActiveCfg = Release|Any CPU
		{52950902-F1D4-4A36-8CDF-9C8427B82C83}.Release|Any CPU.Build.0 = Release|Any CPU
		{1BF0FF85-DD16-49C2-9C75-C40B9D423B1E}.Debug|Any CPU.ActiveCfg = Debug|Any CPU
		{1BF0FF85-DD16-49C2-9C75-C40B9D423B1E}.Debug|Any CPU.Build.0 = Debug|Any CPU
		{1BF0FF85-DD16-49C2-9C75-C40B9D423B1E}.Release|Any CPU.ActiveCfg = Release|Any CPU
		{1BF0FF85-DD16-49C2-9C75-C40B9D423B1E}.Release|Any CPU.Build.0 = Release|Any CPU
		{2D86BC54-3267-4EA7-A38F-5307A3BBC051}.Debug|Any CPU.ActiveCfg = Debug|Any CPU
		{2D86BC54-3267-4EA7-A38F-5307A3BBC051}.Debug|Any CPU.Build.0 = Debug|Any CPU
		{2D86BC54-3267-4EA7-A38F-5307A3BBC051}.Release|Any CPU.ActiveCfg = Release|Any CPU
		{2D86BC54-3267-4EA7-A38F-5307A3BBC051}.Release|Any CPU.Build.0 = Release|Any CPU
		{6F7F50C8-BE73-4591-8952-3E95D4F14AFA}.Debug|Any CPU.ActiveCfg = Debug|Any CPU
		{6F7F50C8-BE73-4591-8952-3E95D4F14AFA}.Debug|Any CPU.Build.0 = Debug|Any CPU
		{6F7F50C8-BE73-4591-8952-3E95D4F14AFA}.Release|Any CPU.ActiveCfg = Release|Any CPU
		{6F7F50C8-BE73-4591-8952-3E95D4F14AFA}.Release|Any CPU.Build.0 = Release|Any CPU
	EndGlobalSection
	GlobalSection(SolutionProperties) = preSolution
		HideSolutionNode = FALSE
	EndGlobalSection
	GlobalSection(NestedProjects) = preSolution
		{7A2B9AE9-8AE4-44EA-869E-F5F6091DE813} = {2AEDE99E-A046-4FB7-B6AF-BEC7C8A96C82}
		{DD1C8E5C-D9AC-427D-AC03-E06650F8799D} = {7A2B9AE9-8AE4-44EA-869E-F5F6091DE813}
		{5DBF2DFD-1BAD-41AE-B0E4-2FE3098732A4} = {2AEDE99E-A046-4FB7-B6AF-BEC7C8A96C82}
		{F5BE6F9B-0351-49A5-9A9F-86291BA2B516} = {5DBF2DFD-1BAD-41AE-B0E4-2FE3098732A4}
		{09D25B3F-0631-4B2C-824C-D21F5A310576} = {5DBF2DFD-1BAD-41AE-B0E4-2FE3098732A4}
		{5C778D24-37C4-4C82-BA96-011BAF6FFB40} = {5DBF2DFD-1BAD-41AE-B0E4-2FE3098732A4}
		{66522014-2079-4525-9527-F934CD9629B0} = {2AEDE99E-A046-4FB7-B6AF-BEC7C8A96C82}
		{945A302A-098B-4B58-B11E-43AE75514828} = {66522014-2079-4525-9527-F934CD9629B0}
		{339FE7C0-9A8A-4101-836B-1FBD4E4BD411} = {C74CE5D1-7DDE-4A09-8F61-F852D13223D3}
		{1BF0FF85-DD16-49C2-9C75-C40B9D423B1E} = {C74CE5D1-7DDE-4A09-8F61-F852D13223D3}
		{2D86BC54-3267-4EA7-A38F-5307A3BBC051} = {C74CE5D1-7DDE-4A09-8F61-F852D13223D3}
		{6F7F50C8-BE73-4591-8952-3E95D4F14AFA} = {339FE7C0-9A8A-4101-836B-1FBD4E4BD411}
		{52950902-F1D4-4A36-8CDF-9C8427B82C83} = {339FE7C0-9A8A-4101-836B-1FBD4E4BD411}
	EndGlobalSection
EndGlobal
